{
  "name": "js",
  "lockfileVersion": 3,
  "requires": true,
  "packages": {
    "": {
      "dependencies": {
        "@andypf/json-viewer": "^2.1.10",
        "umbrellajs": "^3.3.3"
      }
    },
    "node_modules/@andypf/json-viewer": {
      "version": "2.1.10",
      "resolved": "https://registry.npmjs.org/@andypf/json-viewer/-/json-viewer-2.1.10.tgz",
      "integrity": "sha512-z7+z4AehDo1jUPfzjFoXCGbyu1NfpIW/H1g6aPZgFZG5Q+9A6ivlZqf1zP/TVFQ/RujTwyfMQUdUz9xaYliv5Q==",
      "license": "MIT"
    },
    "node_modules/umbrellajs": {
      "version": "3.3.3",
      "resolved": "https://registry.npmjs.org/umbrellajs/-/umbrellajs-3.3.3.tgz",
      "integrity": "sha512-VrKXEENk705mAVW5N3kxk73iuKeQifuacdmCDfOR6MZdf/AP3H/NQ46HqH32RRCAF7WfVv6t5ziFrvXA1nbHiw==",
      "license": "MIT",
      "funding": {
        "url": "https://www.paypal.me/franciscopresencia/19"
      }
    }
  }
}
